<?xml version="1.0" encoding="utf-8"?>
<Project ToolsVersion="4.0" xmlns="http://schemas.microsoft.com/developer/msbuild/2003">
  <ItemGroup>
    <Filter Include="Sources">
      <UniqueIdentifier>{1888d5db-8ddd-4dc3-ab63-d47986359384}</UniqueIdentifier>
    </Filter>
    <Filter Include="Sources\Engine">
      <UniqueIdentifier>{719d21e7-e429-451e-acba-96f45cf6c74d}</UniqueIdentifier>
    </Filter>
    <Filter Include="Sources\Utils">
      <UniqueIdentifier>{3f087922-daa3-487e-a60d-45238bb38b5b}</UniqueIdentifier>
    </Filter>
    <Filter Include="Sources\Input">
      <UniqueIdentifier>{3f166d16-a573-459d-8810-2dec12d926bc}</UniqueIdentifier>
    </Filter>
    <Filter Include="Sources\Rendering">
      <UniqueIdentifier>{1082914b-2dd2-46c7-b1e3-e58b6c264c5d}</UniqueIdentifier>
    </Filter>
    <Filter Include="Sources\Resources">
      <UniqueIdentifier>{6480c5ca-2ebd-4d69-b929-a5ec7f6edcdb}</UniqueIdentifier>
    </Filter>
    <Filter Include="Shaders">
      <UniqueIdentifier>{6a2a538f-2831-4050-8778-1e38c948529c}</UniqueIdentifier>
    </Filter>
    <Filter Include="Cinema 4D">
      <UniqueIdentifier>{7481a4b3-0ff4-4bdc-8be9-aada25179423}</UniqueIdentifier>
    </Filter>
  </ItemGroup>
  <ItemGroup>
    <ClCompile Include="$(MSBuildThisFileDirectory)Sources\Gamepad.cpp">
      <Filter>Sources\Input</Filter>
    </ClCompile>
    <ClCompile Include="$(MSBuildThisFileDirectory)Sources\DeviceHolder.cpp">
      <Filter>Sources\Engine</Filter>
    </ClCompile>
    <ClCompile Include="$(MSBuildThisFileDirectory)Sources\Dispatcher.cpp">
      <Filter>Sources\Engine</Filter>
    </ClCompile>
    <ClCompile Include="$(MSBuildThisFileDirectory)Sources\Exceptions.cpp">
      <Filter>Sources\Utils</Filter>
    </ClCompile>
    <ClCompile Include="$(MSBuildThisFileDirectory)Sources\Renderer.cpp">
      <Filter>Sources\Rendering</Filter>
    </ClCompile>
    <ClCompile Include="$(MSBuildThisFileDirectory)Sources\Storage.cpp">
      <Filter>Sources\Utils</Filter>
    </ClCompile>
    <ClCompile Include="$(MSBuildThisFileDirectory)Sources\ConstantBufferResource.cpp">
      <Filter>Sources\Resources</Filter>
    </ClCompile>
    <ClCompile Include="$(MSBuildThisFileDirectory)Sources\BufferResources.cpp">
      <Filter>Sources\Resources</Filter>
    </ClCompile>
    <ClCompile Include="$(MSBuildThisFileDirectory)Sources\InputLayoutResource.cpp">
      <Filter>Sources\Resources</Filter>
    </ClCompile>
    <ClCompile Include="$(MSBuildThisFileDirectory)Sources\ResourceGroup.cpp">
      <Filter>Sources\Resources</Filter>
    </ClCompile>
    <ClCompile Include="C:\Users\franc\Documents\Visual Studio 2017\Projects\WiredPickup\Game\Sources\ShaderResource.cpp">
      <Filter>Sources\Resources</Filter>
    </ClCompile>
    <ClCompile Include="$(MSBuildThisFileDirectory)Sources\Resource.cpp">
      <Filter>Sources\Resources</Filter>
    </ClCompile>
    <ClCompile Include="$(MSBuildThisFileDirectory)Sources\RasterizerStateResource.cpp">
      <Filter>Sources\Resources</Filter>
    </ClCompile>
  </ItemGroup>
  <ItemGroup>
    <ClInclude Include="$(MSBuildThisFileDirectory)Sources\Include\Game\Windows.hpp">
      <Filter>Sources</Filter>
    </ClInclude>
    <ClInclude Include="$(MSBuildThisFileDirectory)Sources\Include\Game\XInput.hpp">
      <Filter>Sources</Filter>
    </ClInclude>
    <ClInclude Include="$(MSBuildThisFileDirectory)Sources\Include\Game\Direct3D.hpp">
      <Filter>Sources</Filter>
    </ClInclude>
    <ClInclude Include="$(MSBuildThisFileDirectory)Sources\Include\Game\DirectXMath.hpp">
      <Filter>Sources</Filter>
    </ClInclude>
    <ClInclude Include="$(MSBuildThisFileDirectory)Sources\Include\Game\Input\Gamepad.hpp">
      <Filter>Sources\Input</Filter>
    </ClInclude>
    <ClInclude Include="$(MSBuildThisFileDirectory)Sources\Include\Game\Engine\DeviceHolder.hpp">
      <Filter>Sources\Engine</Filter>
    </ClInclude>
    <ClInclude Include="$(MSBuildThisFileDirectory)Sources\Include\Game\Engine\EngineListener.hpp">
      <Filter>Sources\Engine</Filter>
    </ClInclude>
    <ClInclude Include="$(MSBuildThisFileDirectory)Sources\Include\Game\Engine\Dispatcher.hpp">
      <Filter>Sources\Engine</Filter>
    </ClInclude>
    <ClInclude Include="$(MSBuildThisFileDirectory)Sources\Include\Game\Utils\Exceptions.hpp">
      <Filter>Sources\Utils</Filter>
    </ClInclude>
    <ClInclude Include="$(MSBuildThisFileDirectory)Sources\Include\Game\Utils\COMExceptions.hpp">
      <Filter>Sources\Utils</Filter>
    </ClInclude>
    <ClInclude Include="$(MSBuildThisFileDirectory)Sources\Include\Game\Utils\Log.hpp">
      <Filter>Sources\Utils</Filter>
    </ClInclude>
    <ClInclude Include="$(MSBuildThisFileDirectory)Sources\Include\Game\Rendering\Renderer.hpp">
      <Filter>Sources\Rendering</Filter>
    </ClInclude>
    <ClInclude Include="$(MSBuildThisFileDirectory)Sources\Include\Game\Resources\Resource.hpp">
      <Filter>Sources\Resources</Filter>
    </ClInclude>
    <ClInclude Include="$(MSBuildThisFileDirectory)Sources\Include\Game\Utils\Storage.hpp">
      <Filter>Sources\Utils</Filter>
    </ClInclude>
    <ClInclude Include="$(MSBuildThisFileDirectory)Sources\Include\Game\Utils\WindowRect.hpp">
      <Filter>Sources\Utils</Filter>
    </ClInclude>
    <ClInclude Include="$(MSBuildThisFileDirectory)Sources\Include\Game\Utils\NonCopyable.hpp">
      <Filter>Sources\Utils</Filter>
    </ClInclude>
    <ClInclude Include="$(MSBuildThisFileDirectory)Sources\Include\Game\Resources\ConstantBufferResource.hpp">
      <Filter>Sources\Resources</Filter>
    </ClInclude>
    <ClInclude Include="$(MSBuildThisFileDirectory)Sources\Include\Game\Resources\InputLayoutResource.hpp">
      <Filter>Sources\Resources</Filter>
    </ClInclude>
    <ClInclude Include="$(MSBuildThisFileDirectory)Sources\Include\Game\Resources\BufferResources.hpp">
      <Filter>Sources\Resources</Filter>
    </ClInclude>
    <ClInclude Include="C:\Users\franc\Documents\Visual Studio 2017\Projects\WiredPickup\Game\Sources\Include\Game\Resources\ShaderResource.hpp">
      <Filter>Sources\Resources</Filter>
    </ClInclude>
    <ClInclude Include="$(MSBuildThisFileDirectory)Sources\Include\Game\Resources\RasterizerStateResource.hpp">
      <Filter>Sources\Resources</Filter>
    </ClInclude>
    <ClInclude Include="C:\Users\franc\Documents\Visual Studio 2017\Projects\WiredPickup\Game\Sources\Include\Game\Resources\ResourceGroup.hpp">
      <Filter>Sources\Resources</Filter>
    </ClInclude>
  </ItemGroup>
  <ItemGroup>
    <FxCompile Include="$(MSBuildThisFileDirectory)Shaders\default_pixel.hlsl">
      <Filter>Shaders</Filter>
    </FxCompile>
    <FxCompile Include="$(MSBuildThisFileDirectory)Shaders\default_vertex.hlsl">
      <Filter>Shaders</Filter>
    </FxCompile>
  </ItemGroup>
  <ItemGroup>
    <None Include="$(MSBuildThisFileDirectory)Cinema 4D\c4d_mesh_exporter.py">
      <Filter>Cinema 4D</Filter>
    </None>
    <None Include="$(MSBuildThisFileDirectory)Cinema 4D\Test.c4d">
      <Filter>Cinema 4D</Filter>
    </None>
  </ItemGroup>
</Project>