
Microsoft Visual Studio Solution File, Format Version 12.00
# Visual Studio 15
VisualStudioVersion = 15.0.28307.106
MinimumVisualStudioVersion = 10.0.40219.1
Project("{8BC9CEB8-8B4A-11D0-8D11-00A0C91BC942}") = "Game", "Game\Game.vcxitems", "{08B5D412-EF44-41F8-8298-982ACA8DF868}"
EndProject
Project("{8BC9CEB8-8B4A-11D0-8D11-00A0C91BC942}") = "Launcher-UWP", "Launcher-UWP\Launcher-UWP.vcxproj", "{91CC9692-A16B-4817-ACFC-63A546158837}"
EndProject
Global
	GlobalSection(SharedMSBuildProjectFiles) = preSolution
		Game\Game.vcxitems*{08b5d412-ef44-41f8-8298-982aca8df868}*SharedItemsImports = 9
		Game\Game.vcxitems*{91cc9692-a16b-4817-acfc-63a546158837}*SharedItemsImports = 4
	EndGlobalSection
	GlobalSection(SolutionConfigurationPlatforms) = preSolution
		Debug|x64 = Debug|x64
		Debug|x86 = Debug|x86
		Release|x64 = Release|x64
		Release|x86 = Release|x86
	EndGlobalSection
	GlobalSection(ProjectConfigurationPlatforms) = postSolution
		{91CC9692-A16B-4817-ACFC-63A546158837}.Debug|x64.ActiveCfg = Debug|x64
		{91CC9692-A16B-4817-ACFC-63A546158837}.Debug|x64.Build.0 = Debug|x64
		{91CC9692-A16B-4817-ACFC-63A546158837}.Debug|x64.Deploy.0 = Debug|x64
		{91CC9692-A16B-4817-ACFC-63A546158837}.Debug|x86.ActiveCfg = Debug|Win32
		{91CC9692-A16B-4817-ACFC-63A546158837}.Debug|x86.Build.0 = Debug|Win32
		{91CC9692-A16B-4817-ACFC-63A546158837}.Debug|x86.Deploy.0 = Debug|Win32
		{91CC9692-A16B-4817-ACFC-63A546158837}.Release|x64.ActiveCfg = Release|x64
		{91CC9692-A16B-4817-ACFC-63A546158837}.Release|x64.Build.0 = Release|x64
		{91CC9692-A16B-4817-ACFC-63A546158837}.Release|x64.Deploy.0 = Release|x64
		{91CC9692-A16B-4817-ACFC-63A546158837}.Release|x86.ActiveCfg = Release|Win32
		{91CC9692-A16B-4817-ACFC-63A546158837}.Release|x86.Build.0 = Release|Win32
		{91CC9692-A16B-4817-ACFC-63A546158837}.Release|x86.Deploy.0 = Release|Win32
	EndGlobalSection
	GlobalSection(SolutionProperties) = preSolution
		HideSolutionNode = FALSE
	EndGlobalSection
	GlobalSection(ExtensibilityGlobals) = postSolution
		SolutionGuid = {05267C7A-CDC3-46B6-A840-50505EABAC99}
	EndGlobalSection
EndGlobal
